
Microsoft Visual Studio Solution File, Format Version 11.00
# Visual Studio 2010
Project("{8BC9CEB8-8B4A-11D0-8D11-00A0C91BC942}") = "DobotCheck", "DobotCheck\DobotCheck.vcxproj", "{B3419D6C-C51A-44C6-861B-6E4DE5472838}"
EndProject
Global
	GlobalSection(SolutionConfigurationPlatforms) = preSolution
		Debug|Win32 = Debug|Win32
		Release|Win32 = Release|Win32
	EndGlobalSection
	GlobalSection(ProjectConfigurationPlatforms) = postSolution
		{B3419D6C-C51A-44C6-861B-6E4DE5472838}.Debug|Win32.ActiveCfg = Debug|Win32
		{B3419D6C-C51A-44C6-861B-6E4DE5472838}.Debug|Win32.Build.0 = Debug|Win32
		{B3419D6C-C51A-44C6-861B-6E4DE5472838}.Release|Win32.ActiveCfg = Release|Win32
		{B3419D6C-C51A-44C6-861B-6E4DE5472838}.Release|Win32.Build.0 = Release|Win32
	EndGlobalSection
	GlobalSection(SolutionProperties) = preSolution
		HideSolutionNode = FALSE
	EndGlobalSection
EndGlobal
